# THIS IS AN AUTOGENERATED FILE. DO NOT EDIT THIS FILE DIRECTLY.
# yarn lockfile v1


datatables.net-bs4@3.2.2:
  version "3.2.2"
  resolved "https://registry.yarnpkg.com/datatables.net-bs4/-/datatables.net-bs4-3.2.2.tgz#47860d8ccb24724309fe300de72eafd7201bbac6"
  integrity sha1-R4YNjMskckMJ/jAN5y6v1yAbusY=
  dependencies:
    datatables.net ">=1.10.13"
    jquery ">=1.7"

datatables.net@>=1.10.13:
  version "1.10.20"
  resolved "https://registry.yarnpkg.com/datatables.net/-/datatables.net-1.10.20.tgz#9d65ecc3c83cbe7baa4fa5a053405c8fe42c1350"
  integrity sha512-4E4S7tTU607N3h0fZPkGmAtr9mwy462u+VJ6gxYZ8MxcRIjZqHy3Dv1GNry7i3zQCktTdWbULVKBbkAJkuHEnQ==
  dependencies:
    jquery ">=1.7"

jquery@>=1.7, jquery@^3.3.1:
  version "3.4.1"
  resolved "https://registry.yarnpkg.com/jquery/-/jquery-3.4.1.tgz#714f1f8d9dde4bdfa55764ba37ef214630d80ef2"
